// !$*UTF8*$!
{
	archiveVersion = 1;
	classes = {
	};
	objectVersion = 46;
	objects = {

/* Begin PBXBuildFile section */
		8114FAD8193B66580064801F /* Foundation.framework in Frameworks */ = {isa = PBXBuildFile; fileRef = 8114FAD7193B66580064801F /* Foundation.framework */; };
		8114FADA193B66580064801F /* CoreGraphics.framework in Frameworks */ = {isa = PBXBuildFile; fileRef = 8114FAD9193B66580064801F /* CoreGraphics.framework */; };
		8114FADC193B66580064801F /* UIKit.framework in Frameworks */ = {isa = PBXBuildFile; fileRef = 8114FADB193B66580064801F /* UIKit.framework */; };
		8114FADE193B66580064801F /* CoreData.framework in Frameworks */ = {isa = PBXBuildFile; fileRef = 8114FADD193B66580064801F /* CoreData.framework */; };
		8114FAE4193B66580064801F /* InfoPlist.strings in Resources */ = {isa = PBXBuildFile; fileRef = 8114FAE2193B66580064801F /* InfoPlist.strings */; };
		8114FAE6193B66580064801F /* main.m in Sources */ = {isa = PBXBuildFile; fileRef = 8114FAE5193B66580064801F /* main.m */; };
		8114FAEA193B66580064801F /* AppDelegate.m in Sources */ = {isa = PBXBuildFile; fileRef = 8114FAE9193B66580064801F /* AppDelegate.m */; };
		8114FAED193B66580064801F /* En_Route.xcdatamodeld in Sources */ = {isa = PBXBuildFile; fileRef = 8114FAEB193B66580064801F /* En_Route.xcdatamodeld */; };
		8114FAEF193B66580064801F /* Images.xcassets in Resources */ = {isa = PBXBuildFile; fileRef = 8114FAEE193B66580064801F /* Images.xcassets */; };
		8114FAF6193B66580064801F /* XCTest.framework in Frameworks */ = {isa = PBXBuildFile; fileRef = 8114FAF5193B66580064801F /* XCTest.framework */; };
		8114FAF7193B66580064801F /* Foundation.framework in Frameworks */ = {isa = PBXBuildFile; fileRef = 8114FAD7193B66580064801F /* Foundation.framework */; };
		8114FAF8193B66580064801F /* UIKit.framework in Frameworks */ = {isa = PBXBuildFile; fileRef = 8114FADB193B66580064801F /* UIKit.framework */; };
		8114FAF9193B66580064801F /* CoreData.framework in Frameworks */ = {isa = PBXBuildFile; fileRef = 8114FADD193B66580064801F /* CoreData.framework */; };
		8114FB01193B66580064801F /* InfoPlist.strings in Resources */ = {isa = PBXBuildFile; fileRef = 8114FAFF193B66580064801F /* InfoPlist.strings */; };
		8114FB03193B66580064801F /* En_RouteTests.m in Sources */ = {isa = PBXBuildFile; fileRef = 8114FB02193B66580064801F /* En_RouteTests.m */; };
/* End PBXBuildFile section */

/* Begin PBXContainerItemProxy section */
		8114FAFA193B66580064801F /* PBXContainerItemProxy */ = {
			isa = PBXContainerItemProxy;
			containerPortal = 8114FACC193B66580064801F /* Project object */;
			proxyType = 1;
			remoteGlobalIDString = 8114FAD3193B66580064801F;
			remoteInfo = "En Route";
		};
/* End PBXContainerItemProxy section */

/* Begin PBXFileReference section */
		8114FAD4193B66580064801F /* En Route.app */ = {isa = PBXFileReference; explicitFileType = wrapper.application; includeInIndex = 0; path = "En Route.app"; sourceTree = BUILT_PRODUCTS_DIR; };
		8114FAD7193B66580064801F /* Foundation.framework */ = {isa = PBXFileReference; lastKnownFileType = wrapper.framework; name = Foundation.framework; path = System/Library/Frameworks/Foundation.framework; sourceTree = SDKROOT; };
		8114FAD9193B66580064801F /* CoreGraphics.framework */ = {isa = PBXFileReference; lastKnownFileType = wrapper.framework; name = CoreGraphics.framework; path = System/Library/Frameworks/CoreGraphics.framework; sourceTree = SDKROOT; };
		8114FADB193B66580064801F /* UIKit.framework */ = {isa = PBXFileReference; lastKnownFileType = wrapper.framework; name = UIKit.framework; path = System/Library/Frameworks/UIKit.framework; sourceTree = SDKROOT; };
		8114FADD193B66580064801F /* CoreData.framework */ = {isa = PBXFileReference; lastKnownFileType = wrapper.framework; name = CoreData.framework; path = System/Library/Frameworks/CoreData.framework; sourceTree = SDKROOT; };
		8114FAE1193B66580064801F /* En Route-Info.plist */ = {isa = PBXFileReference; lastKnownFileType = text.plist.xml; path = "En Route-Info.plist"; sourceTree = "<group>"; };
		8114FAE3193B66580064801F /* en */ = {isa = PBXFileReference; lastKnownFileType = text.plist.strings; name = en; path = en.lproj/InfoPlist.strings; sourceTree = "<group>"; };
		8114FAE5193B66580064801F /* main.m */ = {isa = PBXFileReference; lastKnownFileType = sourcecode.c.objc; path = main.m; sourceTree = "<group>"; };
		8114FAE7193B66580064801F /* En Route-Prefix.pch */ = {isa = PBXFileReference; lastKnownFileType = sourcecode.c.h; path = "En Route-Prefix.pch"; sourceTree = "<group>"; };
		8114FAE8193B66580064801F /* AppDelegate.h */ = {isa = PBXFileReference; lastKnownFileType = sourcecode.c.h; path = AppDelegate.h; sourceTree = "<group>"; };
		8114FAE9193B66580064801F /* AppDelegate.m */ = {isa = PBXFileReference; lastKnownFileType = sourcecode.c.objc; path = AppDelegate.m; sourceTree = "<group>"; };
		8114FAEC193B66580064801F /* En_Route.xcdatamodel */ = {isa = PBXFileReference; lastKnownFileType = wrapper.xcdatamodel; path = En_Route.xcdatamodel; sourceTree = "<group>"; };
		8114FAEE193B66580064801F /* Images.xcassets */ = {isa = PBXFileReference; lastKnownFileType = folder.assetcatalog; path = Images.xcassets; sourceTree = "<group>"; };
		8114FAF4193B66580064801F /* En RouteTests.xctest */ = {isa = PBXFileReference; explicitFileType = wrapper.cfbundle; includeInIndex = 0; path = "En RouteTests.xctest"; sourceTree = BUILT_PRODUCTS_DIR; };
		8114FAF5193B66580064801F /* XCTest.framework */ = {isa = PBXFileReference; lastKnownFileType = wrapper.framework; name = XCTest.framework; path = Library/Frameworks/XCTest.framework; sourceTree = DEVELOPER_DIR; };
		8114FAFE193B66580064801F /* En RouteTests-Info.plist */ = {isa = PBXFileReference; lastKnownFileType = text.plist.xml; path = "En RouteTests-Info.plist"; sourceTree = "<group>"; };
		8114FB00193B66580064801F /* en */ = {isa = PBXFileReference; lastKnownFileType = text.plist.strings; name = en; path = en.lproj/InfoPlist.strings; sourceTree = "<group>"; };
		8114FB02193B66580064801F /* En_RouteTests.m */ = {isa = PBXFileReference; lastKnownFileType = sourcecode.c.objc; path = En_RouteTests.m; sourceTree = "<group>"; };
/* End PBXFileReference section */

/* Begin PBXFrameworksBuildPhase section */
		8114FAD1193B66580064801F /* Frameworks */ = {
			isa = PBXFrameworksBuildPhase;
			buildActionMask = 2147483647;
			files = (
				8114FADA193B66580064801F /* CoreGraphics.framework in Frameworks */,
				8114FADE193B66580064801F /* CoreData.framework in Frameworks */,
				8114FADC193B66580064801F /* UIKit.framework in Frameworks */,
				8114FAD8193B66580064801F /* Foundation.framework in Frameworks */,
			);
			runOnlyForDeploymentPostprocessing = 0;
		};
		8114FAF1193B66580064801F /* Frameworks */ = {
			isa = PBXFrameworksBuildPhase;
			buildActionMask = 2147483647;
			files = (
				8114FAF6193B66580064801F /* XCTest.framework in Frameworks */,
				8114FAF9193B66580064801F /* CoreData.framework in Frameworks */,
				8114FAF8193B66580064801F /* UIKit.framework in Frameworks */,
				8114FAF7193B66580064801F /* Foundation.framework in Frameworks */,
			);
			runOnlyForDeploymentPostprocessing = 0;
		};
/* End PBXFrameworksBuildPhase section */

/* Begin PBXGroup section */
		8114FACB193B66580064801F = {
			isa = PBXGroup;
			children = (
				8114FADF193B66580064801F /* En Route */,
				8114FAFC193B66580064801F /* En RouteTests */,
				8114FAD6193B66580064801F /* Frameworks */,
				8114FAD5193B66580064801F /* Products */,
			);
			sourceTree = "<group>";
		};
		8114FAD5193B66580064801F /* Products */ = {
			isa = PBXGroup;
			children = (
				8114FAD4193B66580064801F /* En Route.app */,
				8114FAF4193B66580064801F /* En RouteTests.xctest */,
			);
			name = Products;
			sourceTree = "<group>";
		};
		8114FAD6193B66580064801F /* Frameworks */ = {
			isa = PBXGroup;
			children = (
				8114FAD7193B66580064801F /* Foundation.framework */,
				8114FAD9193B66580064801F /* CoreGraphics.framework */,
				8114FADB193B66580064801F /* UIKit.framework */,
				8114FADD193B66580064801F /* CoreData.framework */,
				8114FAF5193B66580064801F /* XCTest.framework */,
			);
			name = Frameworks;
			sourceTree = "<group>";
		};
		8114FADF193B66580064801F /* En Route */ = {
			isa = PBXGroup;
			children = (
				8114FAE8193B66580064801F /* AppDelegate.h */,
				8114FAE9193B66580064801F /* AppDelegate.m */,
				8114FAEE193B66580064801F /* Images.xcassets */,
				8114FAEB193B66580064801F /* En_Route.xcdatamodeld */,
				8114FAE0193B66580064801F /* Supporting Files */,
			);
			path = "En Route";
			sourceTree = "<group>";
		};
		8114FAE0193B66580064801F /* Supporting Files */ = {
			isa = PBXGroup;
			children = (
				8114FAE1193B66580064801F /* En Route-Info.plist */,
				8114FAE2193B66580064801F /* InfoPlist.strings */,
				8114FAE5193B66580064801F /* main.m */,
				8114FAE7193B66580064801F /* En Route-Prefix.pch */,
			);
			name = "Supporting Files";
			sourceTree = "<group>";
		};
		8114FAFC193B66580064801F /* En RouteTests */ = {
			isa = PBXGroup;
			children = (
				8114FB02193B66580064801F /* En_RouteTests.m */,
				8114FAFD193B66580064801F /* Supporting Files */,
			);
			path = "En RouteTests";
			sourceTree = "<group>";
		};
		8114FAFD193B66580064801F /* Supporting Files */ = {
			isa = PBXGroup;
			children = (
				8114FAFE193B66580064801F /* En RouteTests-Info.plist */,
				8114FAFF193B66580064801F /* InfoPlist.strings */,
			);
			name = "Supporting Files";
			sourceTree = "<group>";
		};
/* End PBXGroup section */

/* Begin PBXNativeTarget section */
		8114FAD3193B66580064801F /* En Route */ = {
			isa = PBXNativeTarget;
			buildConfigurationList = 8114FB06193B66580064801F /* Build configuration list for PBXNativeTarget "En Route" */;
			buildPhases = (
				8114FAD0193B66580064801F /* Sources */,
				8114FAD1193B66580064801F /* Frameworks */,
				8114FAD2193B66580064801F /* Resources */,
			);
			buildRules = (
			);
			dependencies = (
			);
			name = "En Route";
			productName = "En Route";
			productReference = 8114FAD4193B66580064801F /* En Route.app */;
			productType = "com.apple.product-type.application";
		};
		8114FAF3193B66580064801F /* En RouteTests */ = {
			isa = PBXNativeTarget;
			buildConfigurationList = 8114FB09193B66580064801F /* Build configuration list for PBXNativeTarget "En RouteTests" */;
			buildPhases = (
				8114FAF0193B66580064801F /* Sources */,
				8114FAF1193B66580064801F /* Frameworks */,
				8114FAF2193B66580064801F /* Resources */,
			);
			buildRules = (
			);
			dependencies = (
				8114FAFB193B66580064801F /* PBXTargetDependency */,
			);
			name = "En RouteTests";
			productName = "En RouteTests";
			productReference = 8114FAF4193B66580064801F /* En RouteTests.xctest */;
			productType = "com.apple.product-type.bundle.unit-test";
		};
/* End PBXNativeTarget section */

/* Begin PBXProject section */
		8114FACC193B66580064801F /* Project object */ = {
			isa = PBXProject;
			attributes = {
				LastUpgradeCheck = 0510;
				ORGANIZATIONNAME = "Quinten Delahaye";
				TargetAttributes = {
					8114FAF3193B66580064801F = {
						TestTargetID = 8114FAD3193B66580064801F;
					};
				};
			};
			buildConfigurationList = 8114FACF193B66580064801F /* Build configuration list for PBXProject "En Route" */;
			compatibilityVersion = "Xcode 3.2";
			developmentRegion = English;
			hasScannedForEncodings = 0;
			knownRegions = (
				en,
			);
			mainGroup = 8114FACB193B66580064801F;
			productRefGroup = 8114FAD5193B66580064801F /* Products */;
			projectDirPath = "";
			projectRoot = "";
			targets = (
				8114FAD3193B66580064801F /* En Route */,
				8114FAF3193B66580064801F /* En RouteTests */,
			);
		};
/* End PBXProject section */

/* Begin PBXResourcesBuildPhase section */
		8114FAD2193B66580064801F /* Resources */ = {
			isa = PBXResourcesBuildPhase;
			buildActionMask = 2147483647;
			files = (
				8114FAE4193B66580064801F /* InfoPlist.strings in Resources */,
				8114FAEF193B66580064801F /* Images.xcassets in Resources */,
			);
			runOnlyForDeploymentPostprocessing = 0;
		};
		8114FAF2193B66580064801F /* Resources */ = {
			isa = PBXResourcesBuildPhase;
			buildActionMask = 2147483647;
			files = (
				8114FB01193B66580064801F /* InfoPlist.strings in Resources */,
			);
			runOnlyForDeploymentPostprocessing = 0;
		};
/* End PBXResourcesBuildPhase section */

/* Begin PBXSourcesBuildPhase section */
		8114FAD0193B66580064801F /* Sources */ = {
			isa = PBXSourcesBuildPhase;
			buildActionMask = 2147483647;
			files = (
				8114FAEA193B66580064801F /* AppDelegate.m in Sources */,
				8114FAED193B66580064801F /* En_Route.xcdatamodeld in Sources */,
				8114FAE6193B66580064801F /* main.m in Sources */,
			);
			runOnlyForDeploymentPostprocessing = 0;
		};
		8114FAF0193B66580064801F /* Sources */ = {
			isa = PBXSourcesBuildPhase;
			buildActionMask = 2147483647;
			files = (
				8114FB03193B66580064801F /* En_RouteTests.m in Sources */,
			);
			runOnlyForDeploymentPostprocessing = 0;
		};
/* End PBXSourcesBuildPhase section */

/* Begin PBXTargetDependency section */
		8114FAFB193B66580064801F /* PBXTargetDependency */ = {
			isa = PBXTargetDependency;
			target = 8114FAD3193B66580064801F /* En Route */;
			targetProxy = 8114FAFA193B66580064801F /* PBXContainerItemProxy */;
		};
/* End PBXTargetDependency section */

/* Begin PBXVariantGroup section */
		8114FAE2193B66580064801F /* InfoPlist.strings */ = {
			isa = PBXVariantGroup;
			children = (
				8114FAE3193B66580064801F /* en */,
			);
			name = InfoPlist.strings;
			sourceTree = "<group>";
		};
		8114FAFF193B66580064801F /* InfoPlist.strings */ = {
			isa = PBXVariantGroup;
			children = (
				8114FB00193B66580064801F /* en */,
			);
			name = InfoPlist.strings;
			sourceTree = "<group>";
		};
/* End PBXVariantGroup section */

/* Begin XCBuildConfiguration section */
		8114FB04193B66580064801F /* Debug */ = {
			isa = XCBuildConfiguration;
			buildSettings = {
				ALWAYS_SEARCH_USER_PATHS = NO;
				CLANG_CXX_LANGUAGE_STANDARD = "gnu++0x";
				CLANG_CXX_LIBRARY = "libc++";
				CLANG_ENABLE_MODULES = YES;
				CLANG_ENABLE_OBJC_ARC = YES;
				CLANG_WARN_BOOL_CONVERSION = YES;
				CLANG_WARN_CONSTANT_CONVERSION = YES;
				CLANG_WARN_DIRECT_OBJC_ISA_USAGE = YES_ERROR;
				CLANG_WARN_EMPTY_BODY = YES;
				CLANG_WARN_ENUM_CONVERSION = YES;
				CLANG_WARN_INT_CONVERSION = YES;
				CLANG_WARN_OBJC_ROOT_CLASS = YES_ERROR;
				CLANG_WARN__DUPLICATE_METHOD_MATCH = YES;
				"CODE_SIGN_IDENTITY[sdk=iphoneos*]" = "iPhone Developer";
				COPY_PHASE_STRIP = NO;
				GCC_C_LANGUAGE_STANDARD = gnu99;
				GCC_DYNAMIC_NO_PIC = NO;
				GCC_OPTIMIZATION_LEVEL = 0;
				GCC_PREPROCESSOR_DEFINITIONS = (
					"DEBUG=1",
					"$(inherited)",
				);
				GCC_SYMBOLS_PRIVATE_EXTERN = NO;
				GCC_WARN_64_TO_32_BIT_CONVERSION = YES;
				GCC_WARN_ABOUT_RETURN_TYPE = YES_ERROR;
				GCC_WARN_UNDECLARED_SELECTOR = YES;
				GCC_WARN_UNINITIALIZED_AUTOS = YES_AGGRESSIVE;
				GCC_WARN_UNUSED_FUNCTION = YES;
				GCC_WARN_UNUSED_VARIABLE = YES;
				IPHONEOS_DEPLOYMENT_TARGET = 7.1;
				ONLY_ACTIVE_ARCH = YES;
				SDKROOT = iphoneos;
			};
			name = Debug;
		};
		8114FB05193B66580064801F /* Release */ = {
			isa = XCBuildConfiguration;
			buildSettings = {
				ALWAYS_SEARCH_USER_PATHS = NO;
				CLANG_CXX_LANGUAGE_STANDARD = "gnu++0x";
				CLANG_CXX_LIBRARY = "libc++";
				CLANG_ENABLE_MODULES = YES;
				CLANG_ENABLE_OBJC_ARC = YES;
				CLANG_WARN_BOOL_CONVERSION = YES;
				CLANG_WARN_CONSTANT_CONVERSION = YES;
				CLANG_WARN_DIRECT_OBJC_ISA_USAGE = YES_ERROR;
				CLANG_WARN_EMPTY_BODY = YES;
				CLANG_WARN_ENUM_CONVERSION = YES;
				CLANG_WARN_INT_CONVERSION = YES;
				CLANG_WARN_OBJC_ROOT_CLASS = YES_ERROR;
				CLANG_WARN__DUPLICATE_METHOD_MATCH = YES;
				"CODE_SIGN_IDENTITY[sdk=iphoneos*]" = "iPhone Developer";
				COPY_PHASE_STRIP = YES;
				ENABLE_NS_ASSERTIONS = NO;
				GCC_C_LANGUAGE_STANDARD = gnu99;
				GCC_WARN_64_TO_32_BIT_CONVERSION = YES;
				GCC_WARN_ABOUT_RETURN_TYPE = YES_ERROR;
				GCC_WARN_UNDECLARED_SELECTOR = YES;
				GCC_WARN_UNINITIALIZED_AUTOS = YES_AGGRESSIVE;
				GCC_WARN_UNUSED_FUNCTION = YES;
				GCC_WARN_UNUSED_VARIABLE = YES;
				IPHONEOS_DEPLOYMENT_TARGET = 7.1;
				SDKROOT = iphoneos;
				VALIDATE_PRODUCT = YES;
			};
			name = Release;
		};
		8114FB07193B66580064801F /* Debug */ = {
			isa = XCBuildConfiguration;
			buildSettings = {
				ASSETCATALOG_COMPILER_APPICON_NAME = AppIcon;
				ASSETCATALOG_COMPILER_LAUNCHIMAGE_NAME = LaunchImage;
				GCC_PRECOMPILE_PREFIX_HEADER = YES;
				GCC_PREFIX_HEADER = "En Route/En Route-Prefix.pch";
				INFOPLIST_FILE = "En Route/En Route-Info.plist";
				PRODUCT_NAME = "$(TARGET_NAME)";
				WRAPPER_EXTENSION = app;
			};
			name = Debug;
		};
		8114FB08193B66580064801F /* Release */ = {
			isa = XCBuildConfiguration;
			buildSettings = {
				ASSETCATALOG_COMPILER_APPICON_NAME = AppIcon;
				ASSETCATALOG_COMPILER_LAUNCHIMAGE_NAME = LaunchImage;
				GCC_PRECOMPILE_PREFIX_HEADER = YES;
				GCC_PREFIX_HEADER = "En Route/En Route-Prefix.pch";
				INFOPLIST_FILE = "En Route/En Route-Info.plist";
				PRODUCT_NAME = "$(TARGET_NAME)";
				WRAPPER_EXTENSION = app;
			};
			name = Release;
		};
		8114FB0A193B66580064801F /* Debug */ = {
			isa = XCBuildConfiguration;
			buildSettings = {
				BUNDLE_LOADER = "$(BUILT_PRODUCTS_DIR)/En Route.app/En Route";
				FRAMEWORK_SEARCH_PATHS = (
					"$(SDKROOT)/Developer/Library/Frameworks",
					"$(inherited)",
					"$(DEVELOPER_FRAMEWORKS_DIR)",
				);
				GCC_PRECOMPILE_PREFIX_HEADER = YES;
				GCC_PREFIX_HEADER = "En Route/En Route-Prefix.pch";
				GCC_PREPROCESSOR_DEFINITIONS = (
					"DEBUG=1",
					"$(inherited)",
				);
				INFOPLIST_FILE = "En RouteTests/En RouteTests-Info.plist";
				PRODUCT_NAME = "$(TARGET_NAME)";
				TEST_HOST = "$(BUNDLE_LOADER)";
				WRAPPER_EXTENSION = xctest;
			};
			name = Debug;
		};
		8114FB0B193B66580064801F /* Release */ = {
			isa = XCBuildConfiguration;
			buildSettings = {
				BUNDLE_LOADER = "$(BUILT_PRODUCTS_DIR)/En Route.app/En Route";
				FRAMEWORK_SEARCH_PATHS = (
					"$(SDKROOT)/Developer/Library/Frameworks",
					"$(inherited)",
					"$(DEVELOPER_FRAMEWORKS_DIR)",
				);
				GCC_PRECOMPILE_PREFIX_HEADER = YES;
				GCC_PREFIX_HEADER = "En Route/En Route-Prefix.pch";
				INFOPLIST_FILE = "En RouteTests/En RouteTests-Info.plist";
				PRODUCT_NAME = "$(TARGET_NAME)";
				TEST_HOST = "$(BUNDLE_LOADER)";
				WRAPPER_EXTENSION = xctest;
			};
			name = Release;
		};
/* End XCBuildConfiguration section */

/* Begin XCConfigurationList section */
		8114FACF193B66580064801F /* Build configuration list for PBXProject "En Route" */ = {
			isa = XCConfigurationList;
			buildConfigurations = (
				8114FB04193B66580064801F /* Debug */,
				8114FB05193B66580064801F /* Release */,
			);
			defaultConfigurationIsVisible = 0;
			defaultConfigurationName = Release;
		};
		8114FB06193B66580064801F /* Build configuration list for PBXNativeTarget "En Route" */ = {
			isa = XCConfigurationList;
			buildConfigurations = (
				8114FB07193B66580064801F /* Debug */,
				8114FB08193B66580064801F /* Release */,
			);
			defaultConfigurationIsVisible = 0;
		};
		8114FB09193B66580064801F /* Build configuration list for PBXNativeTarget "En RouteTests" */ = {
			isa = XCConfigurationList;
			buildConfigurations = (
				8114FB0A193B66580064801F /* Debug */,
				8114FB0B193B66580064801F /* Release */,
			);
			defaultConfigurationIsVisible = 0;
		};
/* End XCConfigurationList section */

/* Begin XCVersionGroup section */
		8114FAEB193B66580064801F /* En_Route.xcdatamodeld */ = {
			isa = XCVersionGroup;
			children = (
				8114FAEC193B66580064801F /* En_Route.xcdatamodel */,
			);
			currentVersion = 8114FAEC193B66580064801F /* En_Route.xcdatamodel */;
			path = En_Route.xcdatamodeld;
			sourceTree = "<group>";
			versionGroupType = wrapper.xcdatamodel;
		};
/* End XCVersionGroup section */
	};
	rootObject = 8114FACC193B66580064801F /* Project object */;
}
